// !$*UTF8*$!
{
	archiveVersion = 1;
	classes = {
	};
	objectVersion = 77;
	objects = {

/* Begin PBXContainerItemProxy section */
		FF3F6DD82D50084500B9424E /* PBXContainerItemProxy */ = {
			isa = PBXContainerItemProxy;
			containerPortal = FF3F6DB92D50084300B9424E /* Project object */;
			proxyType = 1;
			remoteGlobalIDString = FF3F6DC02D50084300B9424E;
			remoteInfo = ToDoListSwift;
		};
		FF3F6DE22D50084500B9424E /* PBXContainerItemProxy */ = {
			isa = PBXContainerItemProxy;
			containerPortal = FF3F6DB92D50084300B9424E /* Project object */;
			proxyType = 1;
			remoteGlobalIDString = FF3F6DC02D50084300B9424E;
			remoteInfo = ToDoListSwift;
		};
/* End PBXContainerItemProxy section */

/* Begin PBXFileReference section */
		FF3F6DC12D50084300B9424E /* ToDoListSwift.app */ = {isa = PBXFileReference; explicitFileType = wrapper.application; includeInIndex = 0; path = ToDoListSwift.app; sourceTree = BUILT_PRODUCTS_DIR; };
		FF3F6DD72D50084500B9424E /* ToDoListSwiftTests.xctest */ = {isa = PBXFileReference; explicitFileType = wrapper.cfbundle; includeInIndex = 0; path = ToDoListSwiftTests.xctest; sourceTree = BUILT_PRODUCTS_DIR; };
		FF3F6DE12D50084500B9424E /* ToDoListSwiftUITests.xctest */ = {isa = PBXFileReference; explicitFileType = wrapper.cfbundle; includeInIndex = 0; path = ToDoListSwiftUITests.xctest; sourceTree = BUILT_PRODUCTS_DIR; };
/* End PBXFileReference section */

/* Begin PBXFileSystemSynchronizedBuildFileExceptionSet section */
		FF3F6DE92D50084500B9424E /* Exceptions for "ToDoListSwift" folder in "ToDoListSwift" target */ = {
			isa = PBXFileSystemSynchronizedBuildFileExceptionSet;
			membershipExceptions = (
				Info.plist,
			);
			target = FF3F6DC02D50084300B9424E /* ToDoListSwift */;
		};
/* End PBXFileSystemSynchronizedBuildFileExceptionSet section */

/* Begin PBXFileSystemSynchronizedRootGroup section */
		FF3F6DC32D50084300B9424E /* ToDoListSwift */ = {
			isa = PBXFileSystemSynchronizedRootGroup;
			exceptions = (
				FF3F6DE92D50084500B9424E /* Exceptions for "ToDoListSwift" folder in "ToDoListSwift" target */,
			);
			path = ToDoListSwift;
			sourceTree = "<group>";
		};
		FF3F6DDA2D50084500B9424E /* ToDoListSwiftTests */ = {
			isa = PBXFileSystemSynchronizedRootGroup;
			path = ToDoListSwiftTests;
			sourceTree = "<group>";
		};
		FF3F6DE42D50084500B9424E /* ToDoListSwiftUITests */ = {
			isa = PBXFileSystemSynchronizedRootGroup;
			path = ToDoListSwiftUITests;
			sourceTree = "<group>";
		};
/* End PBXFileSystemSynchronizedRootGroup section */

/* Begin PBXFrameworksBuildPhase section */
		FF3F6DBE2D50084300B9424E /* Frameworks */ = {
			isa = PBXFrameworksBuildPhase;
			buildActionMask = 2147483647;
			files = (
			);
			runOnlyForDeploymentPostprocessing = 0;
		};
		FF3F6DD42D50084500B9424E /* Frameworks */ = {
			isa = PBXFrameworksBuildPhase;
			buildActionMask = 2147483647;
			files = (
			);
			runOnlyForDeploymentPostprocessing = 0;
		};
		FF3F6DDE2D50084500B9424E /* Frameworks */ = {
			isa = PBXFrameworksBuildPhase;
			buildActionMask = 2147483647;
			files = (
			);
			runOnlyForDeploymentPostprocessing = 0;
		};
/* End PBXFrameworksBuildPhase section */

/* Begin PBXGroup section */
		FF3F6DB82D50084300B9424E = {
			isa = PBXGroup;
			children = (
				FF3F6DC32D50084300B9424E /* ToDoListSwift */,
				FF3F6DDA2D50084500B9424E /* ToDoListSwiftTests */,
				FF3F6DE42D50084500B9424E /* ToDoListSwiftUITests */,
				FF3F6DC22D50084300B9424E /* Products */,
			);
			sourceTree = "<group>";
		};
		FF3F6DC22D50084300B9424E /* Products */ = {
			isa = PBXGroup;
			children = (
				FF3F6DC12D50084300B9424E /* ToDoListSwift.app */,
				FF3F6DD72D50084500B9424E /* ToDoListSwiftTests.xctest */,
				FF3F6DE12D50084500B9424E /* ToDoListSwiftUITests.xctest */,
			);
			name = Products;
			sourceTree = "<group>";
		};
/* End PBXGroup section */

/* Begin PBXNativeTarget section */
		FF3F6DC02D50084300B9424E /* ToDoListSwift */ = {
			isa = PBXNativeTarget;
			buildConfigurationList = FF3F6DEA2D50084500B9424E /* Build configuration list for PBXNativeTarget "ToDoListSwift" */;
			buildPhases = (
				FF3F6DBD2D50084300B9424E /* Sources */,
				FF3F6DBE2D50084300B9424E /* Frameworks */,
				FF3F6DBF2D50084300B9424E /* Resources */,
			);
			buildRules = (
			);
			dependencies = (
			);
			fileSystemSynchronizedGroups = (
				FF3F6DC32D50084300B9424E /* ToDoListSwift */,
			);
			name = ToDoListSwift;
			packageProductDependencies = (
			);
			productName = ToDoListSwift;
			productReference = FF3F6DC12D50084300B9424E /* ToDoListSwift.app */;
			productType = "com.apple.product-type.application";
		};
		FF3F6DD62D50084500B9424E /* ToDoListSwiftTests */ = {
			isa = PBXNativeTarget;
			buildConfigurationList = FF3F6DEF2D50084500B9424E /* Build configuration list for PBXNativeTarget "ToDoListSwiftTests" */;
			buildPhases = (
				FF3F6DD32D50084500B9424E /* Sources */,
				FF3F6DD42D50084500B9424E /* Frameworks */,
				FF3F6DD52D50084500B9424E /* Resources */,
			);
			buildRules = (
			);
			dependencies = (
				FF3F6DD92D50084500B9424E /* PBXTargetDependency */,
			);
			fileSystemSynchronizedGroups = (
				FF3F6DDA2D50084500B9424E /* ToDoListSwiftTests */,
			);
			name = ToDoListSwiftTests;
			packageProductDependencies = (
			);
			productName = ToDoListSwiftTests;
			productReference = FF3F6DD72D50084500B9424E /* ToDoListSwiftTests.xctest */;
			productType = "com.apple.product-type.bundle.unit-test";
		};
		FF3F6DE02D50084500B9424E /* ToDoListSwiftUITests */ = {
			isa = PBXNativeTarget;
			buildConfigurationList = FF3F6DF22D50084500B9424E /* Build configuration list for PBXNativeTarget "ToDoListSwiftUITests" */;
			buildPhases = (
				FF3F6DDD2D50084500B9424E /* Sources */,
				FF3F6DDE2D50084500B9424E /* Frameworks */,
				FF3F6DDF2D50084500B9424E /* Resources */,
			);
			buildRules = (
			);
			dependencies = (
				FF3F6DE32D50084500B9424E /* PBXTargetDependency */,
			);
			fileSystemSynchronizedGroups = (
				FF3F6DE42D50084500B9424E /* ToDoListSwiftUITests */,
			);
			name = ToDoListSwiftUITests;
			packageProductDependencies = (
			);
			productName = ToDoListSwiftUITests;
			productReference = FF3F6DE12D50084500B9424E /* ToDoListSwiftUITests.xctest */;
			productType = "com.apple.product-type.bundle.ui-testing";
		};
/* End PBXNativeTarget section */

/* Begin PBXProject section */
		FF3F6DB92D50084300B9424E /* Project object */ = {
			isa = PBXProject;
			attributes = {
				BuildIndependentTargetsInParallel = 1;
				LastSwiftUpdateCheck = 1620;
				LastUpgradeCheck = 1620;
				TargetAttributes = {
					FF3F6DC02D50084300B9424E = {
						CreatedOnToolsVersion = 16.2;
					};
					FF3F6DD62D50084500B9424E = {
						CreatedOnToolsVersion = 16.2;
						TestTargetID = FF3F6DC02D50084300B9424E;
					};
					FF3F6DE02D50084500B9424E = {
						CreatedOnToolsVersion = 16.2;
						TestTargetID = FF3F6DC02D50084300B9424E;
					};
				};
			};
			buildConfigurationList = FF3F6DBC2D50084300B9424E /* Build configuration list for PBXProject "ToDoListSwift" */;
			developmentRegion = en;
			hasScannedForEncodings = 0;
			knownRegions = (
				en,
				Base,
			);
			mainGroup = FF3F6DB82D50084300B9424E;
			minimizedProjectReferenceProxies = 1;
			preferredProjectObjectVersion = 77;
			productRefGroup = FF3F6DC22D50084300B9424E /* Products */;
			projectDirPath = "";
			projectRoot = "";
			targets = (
				FF3F6DC02D50084300B9424E /* ToDoListSwift */,
				FF3F6DD62D50084500B9424E /* ToDoListSwiftTests */,
				FF3F6DE02D50084500B9424E /* ToDoListSwiftUITests */,
			);
		};
/* End PBXProject section */

/* Begin PBXResourcesBuildPhase section */
		FF3F6DBF2D50084300B9424E /* Resources */ = {
			isa = PBXResourcesBuildPhase;
			buildActionMask = 2147483647;
			files = (
			);
			runOnlyForDeploymentPostprocessing = 0;
		};
		FF3F6DD52D50084500B9424E /* Resources */ = {
			isa = PBXResourcesBuildPhase;
			buildActionMask = 2147483647;
			files = (
			);
			runOnlyForDeploymentPostprocessing = 0;
		};
		FF3F6DDF2D50084500B9424E /* Resources */ = {
			isa = PBXResourcesBuildPhase;
			buildActionMask = 2147483647;
			files = (
			);
			runOnlyForDeploymentPostprocessing = 0;
		};
/* End PBXResourcesBuildPhase section */

/* Begin PBXSourcesBuildPhase section */
		FF3F6DBD2D50084300B9424E /* Sources */ = {
			isa = PBXSourcesBuildPhase;
			buildActionMask = 2147483647;
			files = (
			);
			runOnlyForDeploymentPostprocessing = 0;
		};
		FF3F6DD32D50084500B9424E /* Sources */ = {
			isa = PBXSourcesBuildPhase;
			buildActionMask = 2147483647;
			files = (
			);
			runOnlyForDeploymentPostprocessing = 0;
		};
		FF3F6DDD2D50084500B9424E /* Sources */ = {
			isa = PBXSourcesBuildPhase;
			buildActionMask = 2147483647;
			files = (
			);
			runOnlyForDeploymentPostprocessing = 0;
		};
/* End PBXSourcesBuildPhase section */

/* Begin PBXTargetDependency section */
		FF3F6DD92D50084500B9424E /* PBXTargetDependency */ = {
			isa = PBXTargetDependency;
			target = FF3F6DC02D50084300B9424E /* ToDoListSwift */;
			targetProxy = FF3F6DD82D50084500B9424E /* PBXContainerItemProxy */;
		};
		FF3F6DE32D50084500B9424E /* PBXTargetDependency */ = {
			isa = PBXTargetDependency;
			target = FF3F6DC02D50084300B9424E /* ToDoListSwift */;
			targetProxy = FF3F6DE22D50084500B9424E /* PBXContainerItemProxy */;
		};
/* End PBXTargetDependency section */

/* Begin XCBuildConfiguration section */
		FF3F6DEB2D50084500B9424E /* Debug */ = {
			isa = XCBuildConfiguration;
			buildSettings = {
				ASSETCATALOG_COMPILER_APPICON_NAME = AppIcon;
				ASSETCATALOG_COMPILER_GLOBAL_ACCENT_COLOR_NAME = AccentColor;
				CODE_SIGN_STYLE = Automatic;
				CURRENT_PROJECT_VERSION = 1;
				DEVELOPMENT_TEAM = T985K3P4V7;
				GENERATE_INFOPLIST_FILE = YES;
				INFOPLIST_FILE = ToDoListSwift/Info.plist;
				INFOPLIST_KEY_UIApplicationSupportsIndirectInputEvents = YES;
				INFOPLIST_KEY_UILaunchStoryboardName = LaunchScreen;
				INFOPLIST_KEY_UIMainStoryboardFile = Main;
				INFOPLIST_KEY_UISupportedInterfaceOrientations_iPad = "UIInterfaceOrientationPortrait UIInterfaceOrientationPortraitUpsideDown UIInterfaceOrientationLandscapeLeft UIInterfaceOrientationLandscapeRight";
				INFOPLIST_KEY_UISupportedInterfaceOrientations_iPhone = "UIInterfaceOrientationPortrait UIInterfaceOrientationLandscapeLeft UIInterfaceOrientationLandscapeRight";
				LD_RUNPATH_SEARCH_PATHS = (
					"$(inherited)",
					"@executable_path/Frameworks",
				);
				MARKETING_VERSION = 1.0;
				PRODUCT_BUNDLE_IDENTIFIER = com.omerapaydin.ToDoListSwift;
				PRODUCT_NAME = "$(TARGET_NAME)";
				SWIFT_EMIT_LOC_STRINGS = YES;
				SWIFT_VERSION = 5.0;
				TARGETED_DEVICE_FAMILY = "1,2";
			};
			name = Debug;
		};
		FF3F6DEC2D50084500B9424E /* Release */ = {
			isa = XCBuildConfiguration;
			buildSettings = {
				ASSETCATALOG_COMPILER_APPICON_NAME = AppIcon;
				ASSETCATALOG_COMPILER_GLOBAL_ACCENT_COLOR_NAME = AccentColor;
				CODE_SIGN_STYLE = Automatic;
				CURRENT_PROJECT_VERSION = 1;
				DEVELOPMENT_TEAM = T985K3P4V7;
				GENERATE_INFOPLIST_FILE = YES;
				INFOPLIST_FILE = ToDoListSwift/Info.plist;
				INFOPLIST_KEY_UIApplicationSupportsIndirectInputEvents = YES;
				INFOPLIST_KEY_UILaunchStoryboardName = LaunchScreen;
				INFOPLIST_KEY_UIMainStoryboardFile = Main;
				INFOPLIST_KEY_UISupportedInterfaceOrientations_iPad = "UIInterfaceOrientationPortrait UIInterfaceOrientationPortraitUpsideDown UIInterfaceOrientationLandscapeLeft UIInterfaceOrientationLandscapeRight";
				INFOPLIST_KEY_UISupportedInterfaceOrientations_iPhone = "UIInterfaceOrientationPortrait UIInterfaceOrientationLandscapeLeft UIInterfaceOrientationLandscapeRight";
				LD_RUNPATH_SEARCH_PATHS = (
					"$(inherited)",
					"@executable_path/Frameworks",
				);
				MARKETING_VERSION = 1.0;
				PRODUCT_BUNDLE_IDENTIFIER = com.omerapaydin.ToDoListSwift;
				PRODUCT_NAME = "$(TARGET_NAME)";
				SWIFT_EMIT_LOC_STRINGS = YES;
				SWIFT_VERSION = 5.0;
				TARGETED_DEVICE_FAMILY = "1,2";
			};
			name = Release;
		};
		FF3F6DED2D50084500B9424E /* Debug */ = {
			isa = XCBuildConfiguration;
			buildSettings = {
				ALWAYS_SEARCH_USER_PATHS = NO;
				ASSETCATALOG_COMPILER_GENERATE_SWIFT_ASSET_SYMBOL_EXTENSIONS = YES;
				CLANG_ANALYZER_NONNULL = YES;
				CLANG_ANALYZER_NUMBER_OBJECT_CONVERSION = YES_AGGRESSIVE;
				CLANG_CXX_LANGUAGE_STANDARD = "gnu++20";
				CLANG_ENABLE_MODULES = YES;
				CLANG_ENABLE_OBJC_ARC = YES;
				CLANG_ENABLE_OBJC_WEAK = YES;
				CLANG_WARN_BLOCK_CAPTURE_AUTORELEASING = YES;
				CLANG_WARN_BOOL_CONVERSION = YES;
				CLANG_WARN_COMMA = YES;
				CLANG_WARN_CONSTANT_CONVERSION = YES;
				CLANG_WARN_DEPRECATED_OBJC_IMPLEMENTATIONS = YES;
				CLANG_WARN_DIRECT_OBJC_ISA_USAGE = YES_ERROR;
				CLANG_WARN_DOCUMENTATION_COMMENTS = YES;
				CLANG_WARN_EMPTY_BODY = YES;
				CLANG_WARN_ENUM_CONVERSION = YES;
				CLANG_WARN_INFINITE_RECURSION = YES;
				CLANG_WARN_INT_CONVERSION = YES;
				CLANG_WARN_NON_LITERAL_NULL_CONVERSION = YES;
				CLANG_WARN_OBJC_IMPLICIT_RETAIN_SELF = YES;
				CLANG_WARN_OBJC_LITERAL_CONVERSION = YES;
				CLANG_WARN_OBJC_ROOT_CLASS = YES_ERROR;
				CLANG_WARN_QUOTED_INCLUDE_IN_FRAMEWORK_HEADER = YES;
				CLANG_WARN_RANGE_LOOP_ANALYSIS = YES;
				CLANG_WARN_STRICT_PROTOTYPES = YES;
				CLANG_WARN_SUSPICIOUS_MOVE = YES;
				CLANG_WARN_UNGUARDED_AVAILABILITY = YES_AGGRESSIVE;
				CLANG_WARN_UNREACHABLE_CODE = YES;
				CLANG_WARN__DUPLICATE_METHOD_MATCH = YES;
				COPY_PHASE_STRIP = NO;
				DEBUG_INFORMATION_FORMAT = dwarf;
				ENABLE_STRICT_OBJC_MSGSEND = YES;
				ENABLE_TESTABILITY = YES;
				ENABLE_USER_SCRIPT_SANDBOXING = YES;
				GCC_C_LANGUAGE_STANDARD = gnu17;
				GCC_DYNAMIC_NO_PIC = NO;
				GCC_NO_COMMON_BLOCKS = YES;
				GCC_OPTIMIZATION_LEVEL = 0;
				GCC_PREPROCESSOR_DEFINITIONS = (
					"DEBUG=1",
					"$(inherited)",
				);
				GCC_WARN_64_TO_32_BIT_CONVERSION = YES;
				GCC_WARN_ABOUT_RETURN_TYPE = YES_ERROR;
				GCC_WARN_UNDECLARED_SELECTOR = YES;
				GCC_WARN_UNINITIALIZED_AUTOS = YES_AGGRESSIVE;
				GCC_WARN_UNUSED_FUNCTION = YES;
				GCC_WARN_UNUSED_VARIABLE = YES;
				IPHONEOS_DEPLOYMENT_TARGET = 18.2;
				LOCALIZATION_PREFERS_STRING_CATALOGS = YES;
				MTL_ENABLE_DEBUG_INFO = INCLUDE_SOURCE;
				MTL_FAST_MATH = YES;
				ONLY_ACTIVE_ARCH = YES;
				SDKROOT = iphoneos;
				SWIFT_ACTIVE_COMPILATION_CONDITIONS = "DEBUG $(inherited)";
				SWIFT_OPTIMIZATION_LEVEL = "-Onone";
			};
			name = Debug;
		};
		FF3F6DEE2D50084500B9424E /* Release */ = {
			isa = XCBuildConfiguration;
			buildSettings = {
				ALWAYS_SEARCH_USER_PATHS = NO;
				ASSETCATALOG_COMPILER_GENERATE_SWIFT_ASSET_SYMBOL_EXTENSIONS = YES;
				CLANG_ANALYZER_NONNULL = YES;
				CLANG_ANALYZER_NUMBER_OBJECT_CONVERSION = YES_AGGRESSIVE;
				CLANG_CXX_LANGUAGE_STANDARD = "gnu++20";
				CLANG_ENABLE_MODULES = YES;
				CLANG_ENABLE_OBJC_ARC = YES;
				CLANG_ENABLE_OBJC_WEAK = YES;
				CLANG_WARN_BLOCK_CAPTURE_AUTORELEASING = YES;
				CLANG_WARN_BOOL_CONVERSION = YES;
				CLANG_WARN_COMMA = YES;
				CLANG_WARN_CONSTANT_CONVERSION = YES;
				CLANG_WARN_DEPRECATED_OBJC_IMPLEMENTATIONS = YES;
				CLANG_WARN_DIRECT_OBJC_ISA_USAGE = YES_ERROR;
				CLANG_WARN_DOCUMENTATION_COMMENTS = YES;
				CLANG_WARN_EMPTY_BODY = YES;
				CLANG_WARN_ENUM_CONVERSION = YES;
				CLANG_WARN_INFINITE_RECURSION = YES;
				CLANG_WARN_INT_CONVERSION = YES;
				CLANG_WARN_NON_LITERAL_NULL_CONVERSION = YES;
				CLANG_WARN_OBJC_IMPLICIT_RETAIN_SELF = YES;
				CLANG_WARN_OBJC_LITERAL_CONVERSION = YES;
				CLANG_WARN_OBJC_ROOT_CLASS = YES_ERROR;
				CLANG_WARN_QUOTED_INCLUDE_IN_FRAMEWORK_HEADER = YES;
				CLANG_WARN_RANGE_LOOP_ANALYSIS = YES;
				CLANG_WARN_STRICT_PROTOTYPES = YES;
				CLANG_WARN_SUSPICIOUS_MOVE = YES;
				CLANG_WARN_UNGUARDED_AVAILABILITY = YES_AGGRESSIVE;
				CLANG_WARN_UNREACHABLE_CODE = YES;
				CLANG_WARN__DUPLICATE_METHOD_MATCH = YES;
				COPY_PHASE_STRIP = NO;
				DEBUG_INFORMATION_FORMAT = "dwarf-with-dsym";
				ENABLE_NS_ASSERTIONS = NO;
				ENABLE_STRICT_OBJC_MSGSEND = YES;
				ENABLE_USER_SCRIPT_SANDBOXING = YES;
				GCC_C_LANGUAGE_STANDARD = gnu17;
				GCC_NO_COMMON_BLOCKS = YES;
				GCC_WARN_64_TO_32_BIT_CONVERSION = YES;
				GCC_WARN_ABOUT_RETURN_TYPE = YES_ERROR;
				GCC_WARN_UNDECLARED_SELECTOR = YES;
				GCC_WARN_UNINITIALIZED_AUTOS = YES_AGGRESSIVE;
				GCC_WARN_UNUSED_FUNCTION = YES;
				GCC_WARN_UNUSED_VARIABLE = YES;
				IPHONEOS_DEPLOYMENT_TARGET = 18.2;
				LOCALIZATION_PREFERS_STRING_CATALOGS = YES;
				MTL_ENABLE_DEBUG_INFO = NO;
				MTL_FAST_MATH = YES;
				SDKROOT = iphoneos;
				SWIFT_COMPILATION_MODE = wholemodule;
				VALIDATE_PRODUCT = YES;
			};
			name = Release;
		};
		FF3F6DF02D50084500B9424E /* Debug */ = {
			isa = XCBuildConfiguration;
			buildSettings = {
				BUNDLE_LOADER = "$(TEST_HOST)";
				CODE_SIGN_STYLE = Automatic;
				CURRENT_PROJECT_VERSION = 1;
				DEVELOPMENT_TEAM = T985K3P4V7;
				GENERATE_INFOPLIST_FILE = YES;
				IPHONEOS_DEPLOYMENT_TARGET = 18.2;
				MARKETING_VERSION = 1.0;
				PRODUCT_BUNDLE_IDENTIFIER = com.omerapaydin.ToDoListSwiftTests;
				PRODUCT_NAME = "$(TARGET_NAME)";
				SWIFT_EMIT_LOC_STRINGS = NO;
				SWIFT_VERSION = 5.0;
				TARGETED_DEVICE_FAMILY = "1,2";
				TEST_HOST = "$(BUILT_PRODUCTS_DIR)/ToDoListSwift.app/$(BUNDLE_EXECUTABLE_FOLDER_PATH)/ToDoListSwift";
			};
			name = Debug;
		};
		FF3F6DF12D50084500B9424E /* Release */ = {
			isa = XCBuildConfiguration;
			buildSettings = {
				BUNDLE_LOADER = "$(TEST_HOST)";
				CODE_SIGN_STYLE = Automatic;
				CURRENT_PROJECT_VERSION = 1;
				DEVELOPMENT_TEAM = T985K3P4V7;
				GENERATE_INFOPLIST_FILE = YES;
				IPHONEOS_DEPLOYMENT_TARGET = 18.2;
				MARKETING_VERSION = 1.0;
				PRODUCT_BUNDLE_IDENTIFIER = com.omerapaydin.ToDoListSwiftTests;
				PRODUCT_NAME = "$(TARGET_NAME)";
				SWIFT_EMIT_LOC_STRINGS = NO;
				SWIFT_VERSION = 5.0;
				TARGETED_DEVICE_FAMILY = "1,2";
				TEST_HOST = "$(BUILT_PRODUCTS_DIR)/ToDoListSwift.app/$(BUNDLE_EXECUTABLE_FOLDER_PATH)/ToDoListSwift";
			};
			name = Release;
		};
		FF3F6DF32D50084500B9424E /* Debug */ = {
			isa = XCBuildConfiguration;
			buildSettings = {
				CODE_SIGN_STYLE = Automatic;
				CURRENT_PROJECT_VERSION = 1;
				DEVELOPMENT_TEAM = T985K3P4V7;
				GENERATE_INFOPLIST_FILE = YES;
				MARKETING_VERSION = 1.0;
				PRODUCT_BUNDLE_IDENTIFIER = com.omerapaydin.ToDoListSwiftUITests;
				PRODUCT_NAME = "$(TARGET_NAME)";
				SWIFT_EMIT_LOC_STRINGS = NO;
				SWIFT_VERSION = 5.0;
				TARGETED_DEVICE_FAMILY = "1,2";
				TEST_TARGET_NAME = ToDoListSwift;
			};
			name = Debug;
		};
		FF3F6DF42D50084500B9424E /* Release */ = {
			isa = XCBuildConfiguration;
			buildSettings = {
				CODE_SIGN_STYLE = Automatic;
				CURRENT_PROJECT_VERSION = 1;
				DEVELOPMENT_TEAM = T985K3P4V7;
				GENERATE_INFOPLIST_FILE = YES;
				MARKETING_VERSION = 1.0;
				PRODUCT_BUNDLE_IDENTIFIER = com.omerapaydin.ToDoListSwiftUITests;
				PRODUCT_NAME = "$(TARGET_NAME)";
				SWIFT_EMIT_LOC_STRINGS = NO;
				SWIFT_VERSION = 5.0;
				TARGETED_DEVICE_FAMILY = "1,2";
				TEST_TARGET_NAME = ToDoListSwift;
			};
			name = Release;
		};
/* End XCBuildConfiguration section */

/* Begin XCConfigurationList section */
		FF3F6DBC2D50084300B9424E /* Build configuration list for PBXProject "ToDoListSwift" */ = {
			isa = XCConfigurationList;
			buildConfigurations = (
				FF3F6DED2D50084500B9424E /* Debug */,
				FF3F6DEE2D50084500B9424E /* Release */,
			);
			defaultConfigurationIsVisible = 0;
			defaultConfigurationName = Release;
		};
		FF3F6DEA2D50084500B9424E /* Build configuration list for PBXNativeTarget "ToDoListSwift" */ = {
			isa = XCConfigurationList;
			buildConfigurations = (
				FF3F6DEB2D50084500B9424E /* Debug */,
				FF3F6DEC2D50084500B9424E /* Release */,
			);
			defaultConfigurationIsVisible = 0;
			defaultConfigurationName = Release;
		};
		FF3F6DEF2D50084500B9424E /* Build configuration list for PBXNativeTarget "ToDoListSwiftTests" */ = {
			isa = XCConfigurationList;
			buildConfigurations = (
				FF3F6DF02D50084500B9424E /* Debug */,
				FF3F6DF12D50084500B9424E /* Release */,
			);
			defaultConfigurationIsVisible = 0;
			defaultConfigurationName = Release;
		};
		FF3F6DF22D50084500B9424E /* Build configuration list for PBXNativeTarget "ToDoListSwiftUITests" */ = {
			isa = XCConfigurationList;
			buildConfigurations = (
				FF3F6DF32D50084500B9424E /* Debug */,
				FF3F6DF42D50084500B9424E /* Release */,
			);
			defaultConfigurationIsVisible = 0;
			defaultConfigurationName = Release;
		};
/* End XCConfigurationList section */
	};
	rootObject = FF3F6DB92D50084300B9424E /* Project object */;
}
